
Microsoft Visual Studio Solution File, Format Version 12.00
# Visual Studio Version 17
VisualStudioVersion = 17.3.32825.248
MinimumVisualStudioVersion = 10.0.40219.1
Project("{FAE04EC0-301F-11D3-BF4B-00C04F79EFBC}") = "MovementAndTimer", "MovementAndTimer\MovementAndTimer.csproj", "{D510862B-8076-4F8B-971F-F3475B0EFECA}"
EndProject
Global
	GlobalSection(SolutionConfigurationPlatforms) = preSolution
		Debug|Any CPU = Debug|Any CPU
		Release|Any CPU = Release|Any CPU
	EndGlobalSection
	GlobalSection(ProjectConfigurationPlatforms) = postSolution
		{D510862B-8076-4F8B-971F-F3475B0EFECA}.Debug|Any CPU.ActiveCfg = Debug|Any CPU
		{D510862B-8076-4F8B-971F-F3475B0EFECA}.Debug|Any CPU.Build.0 = Debug|Any CPU
		{D510862B-8076-4F8B-971F-F3475B0EFECA}.Release|Any CPU.ActiveCfg = Release|Any CPU
		{D510862B-8076-4F8B-971F-F3475B0EFECA}.Release|Any CPU.Build.0 = Release|Any CPU
	EndGlobalSection
	GlobalSection(SolutionProperties) = preSolution
		HideSolutionNode = FALSE
	EndGlobalSection
	GlobalSection(ExtensibilityGlobals) = postSolution
		SolutionGuid = {5DE6DAC6-75D3-4EF1-8E5C-077860DCE737}
	EndGlobalSection
EndGlobal
